
Microsoft Visual Studio Solution File, Format Version 12.00
# Visual Studio Version 17
VisualStudioVersion = 17.4.33213.308
MinimumVisualStudioVersion = 10.0.40219.1
Project("{FAE04EC0-301F-11D3-BF4B-00C04F79EFBC}") = "FoodApp", "FoodApp\FoodApp.csproj", "{ED017A86-3C00-4E6E-99C4-E84D60A3945B}"
EndProject
Global
	GlobalSection(SolutionConfigurationPlatforms) = preSolution
		Debug|Any CPU = Debug|Any CPU
		Release|Any CPU = Release|Any CPU
	EndGlobalSection
	GlobalSection(ProjectConfigurationPlatforms) = postSolution
		{ED017A86-3C00-4E6E-99C4-E84D60A3945B}.Debug|Any CPU.ActiveCfg = Debug|Any CPU
		{ED017A86-3C00-4E6E-99C4-E84D60A3945B}.Debug|Any CPU.Build.0 = Debug|Any CPU
		{ED017A86-3C00-4E6E-99C4-E84D60A3945B}.Release|Any CPU.ActiveCfg = Release|Any CPU
		{ED017A86-3C00-4E6E-99C4-E84D60A3945B}.Release|Any CPU.Build.0 = Release|Any CPU
	EndGlobalSection
	GlobalSection(SolutionProperties) = preSolution
		HideSolutionNode = FALSE
	EndGlobalSection
	GlobalSection(ExtensibilityGlobals) = postSolution
		SolutionGuid = {522B556D-F19C-4147-A701-E509EFFBC2CC}
	EndGlobalSection
EndGlobal
